// !$*UTF8*$!
{
	archiveVersion = 1;
	classes = {
	};
	objectVersion = 50;
	objects = {

/* Begin PBXBuildFile section */
		F3B3244127942DB700EE5939 /* AppDelegate.swift in Sources */ = {isa = PBXBuildFile; fileRef = F3B3244027942DB700EE5939 /* AppDelegate.swift */; };
		F3B3244327942DB700EE5939 /* SceneDelegate.swift in Sources */ = {isa = PBXBuildFile; fileRef = F3B3244227942DB700EE5939 /* SceneDelegate.swift */; };
		F3B3244527942DB700EE5939 /* ViewController.swift in Sources */ = {isa = PBXBuildFile; fileRef = F3B3244427942DB700EE5939 /* ViewController.swift */; };
		F3B3244827942DB700EE5939 /* Main.storyboard in Resources */ = {isa = PBXBuildFile; fileRef = F3B3244627942DB700EE5939 /* Main.storyboard */; };
		F3B3244A27942DBA00EE5939 /* Assets.xcassets in Resources */ = {isa = PBXBuildFile; fileRef = F3B3244927942DBA00EE5939 /* Assets.xcassets */; };
		F3B3244D27942DBA00EE5939 /* LaunchScreen.storyboard in Resources */ = {isa = PBXBuildFile; fileRef = F3B3244B27942DBA00EE5939 /* LaunchScreen.storyboard */; };
		F3B3245827942DBA00EE5939 /* MovieAppTests.swift in Sources */ = {isa = PBXBuildFile; fileRef = F3B3245727942DBA00EE5939 /* MovieAppTests.swift */; };
		F3B3246327942DBA00EE5939 /* MovieAppUITests.swift in Sources */ = {isa = PBXBuildFile; fileRef = F3B3246227942DBA00EE5939 /* MovieAppUITests.swift */; };
		F3B3247427942F7000EE5939 /* MovieCell.swift in Sources */ = {isa = PBXBuildFile; fileRef = F3B3247327942F7000EE5939 /* MovieCell.swift */; };
		F3B324792794442600EE5939 /* MovieModel.swift in Sources */ = {isa = PBXBuildFile; fileRef = F3B324782794442500EE5939 /* MovieModel.swift */; };
		F3B3247E2796F49D00EE5939 /* DetailViewController.swift in Sources */ = {isa = PBXBuildFile; fileRef = F3B3247D2796F49D00EE5939 /* DetailViewController.swift */; };
		F3B324832796F4CC00EE5939 /* DetailViewController.storyboard in Resources */ = {isa = PBXBuildFile; fileRef = F3B324822796F4CC00EE5939 /* DetailViewController.storyboard */; };
		F3B3248827970FA000EE5939 /* NetworkLayer.swift in Sources */ = {isa = PBXBuildFile; fileRef = F3B3248727970FA000EE5939 /* NetworkLayer.swift */; };
/* End PBXBuildFile section */

/* Begin PBXContainerItemProxy section */
		F3B3245427942DBA00EE5939 /* PBXContainerItemProxy */ = {
			isa = PBXContainerItemProxy;
			containerPortal = F3B3243527942DB700EE5939 /* Project object */;
			proxyType = 1;
			remoteGlobalIDString = F3B3243C27942DB700EE5939;
			remoteInfo = MovieApp;
		};
		F3B3245F27942DBA00EE5939 /* PBXContainerItemProxy */ = {
			isa = PBXContainerItemProxy;
			containerPortal = F3B3243527942DB700EE5939 /* Project object */;
			proxyType = 1;
			remoteGlobalIDString = F3B3243C27942DB700EE5939;
			remoteInfo = MovieApp;
		};
/* End PBXContainerItemProxy section */

/* Begin PBXFileReference section */
		F3B3243D27942DB700EE5939 /* MovieApp.app */ = {isa = PBXFileReference; explicitFileType = wrapper.application; includeInIndex = 0; path = MovieApp.app; sourceTree = BUILT_PRODUCTS_DIR; };
		F3B3244027942DB700EE5939 /* AppDelegate.swift */ = {isa = PBXFileReference; lastKnownFileType = sourcecode.swift; path = AppDelegate.swift; sourceTree = "<group>"; };
		F3B3244227942DB700EE5939 /* SceneDelegate.swift */ = {isa = PBXFileReference; lastKnownFileType = sourcecode.swift; path = SceneDelegate.swift; sourceTree = "<group>"; };
		F3B3244427942DB700EE5939 /* ViewController.swift */ = {isa = PBXFileReference; lastKnownFileType = sourcecode.swift; path = ViewController.swift; sourceTree = "<group>"; };
		F3B3244727942DB700EE5939 /* Base */ = {isa = PBXFileReference; lastKnownFileType = file.storyboard; name = Base; path = Base.lproj/Main.storyboard; sourceTree = "<group>"; };
		F3B3244927942DBA00EE5939 /* Assets.xcassets */ = {isa = PBXFileReference; lastKnownFileType = folder.assetcatalog; path = Assets.xcassets; sourceTree = "<group>"; };
		F3B3244C27942DBA00EE5939 /* Base */ = {isa = PBXFileReference; lastKnownFileType = file.storyboard; name = Base; path = Base.lproj/LaunchScreen.storyboard; sourceTree = "<group>"; };
		F3B3244E27942DBA00EE5939 /* Info.plist */ = {isa = PBXFileReference; lastKnownFileType = text.plist.xml; path = Info.plist; sourceTree = "<group>"; };
		F3B3245327942DBA00EE5939 /* MovieAppTests.xctest */ = {isa = PBXFileReference; explicitFileType = wrapper.cfbundle; includeInIndex = 0; path = MovieAppTests.xctest; sourceTree = BUILT_PRODUCTS_DIR; };
		F3B3245727942DBA00EE5939 /* MovieAppTests.swift */ = {isa = PBXFileReference; lastKnownFileType = sourcecode.swift; path = MovieAppTests.swift; sourceTree = "<group>"; };
		F3B3245927942DBA00EE5939 /* Info.plist */ = {isa = PBXFileReference; lastKnownFileType = text.plist.xml; path = Info.plist; sourceTree = "<group>"; };
		F3B3245E27942DBA00EE5939 /* MovieAppUITests.xctest */ = {isa = PBXFileReference; explicitFileType = wrapper.cfbundle; includeInIndex = 0; path = MovieAppUITests.xctest; sourceTree = BUILT_PRODUCTS_DIR; };
		F3B3246227942DBA00EE5939 /* MovieAppUITests.swift */ = {isa = PBXFileReference; lastKnownFileType = sourcecode.swift; path = MovieAppUITests.swift; sourceTree = "<group>"; };
		F3B3246427942DBA00EE5939 /* Info.plist */ = {isa = PBXFileReference; lastKnownFileType = text.plist.xml; path = Info.plist; sourceTree = "<group>"; };
		F3B3247327942F7000EE5939 /* MovieCell.swift */ = {isa = PBXFileReference; lastKnownFileType = sourcecode.swift; path = MovieCell.swift; sourceTree = "<group>"; };
		F3B324782794442500EE5939 /* MovieModel.swift */ = {isa = PBXFileReference; lastKnownFileType = sourcecode.swift; path = MovieModel.swift; sourceTree = "<group>"; };
		F3B3247D2796F49D00EE5939 /* DetailViewController.swift */ = {isa = PBXFileReference; lastKnownFileType = sourcecode.swift; path = DetailViewController.swift; sourceTree = "<group>"; };
		F3B324822796F4CC00EE5939 /* DetailViewController.storyboard */ = {isa = PBXFileReference; lastKnownFileType = file.storyboard; path = DetailViewController.storyboard; sourceTree = "<group>"; };
		F3B3248727970FA000EE5939 /* NetworkLayer.swift */ = {isa = PBXFileReference; lastKnownFileType = sourcecode.swift; path = NetworkLayer.swift; sourceTree = "<group>"; };
/* End PBXFileReference section */

/* Begin PBXFrameworksBuildPhase section */
		F3B3243A27942DB700EE5939 /* Frameworks */ = {
			isa = PBXFrameworksBuildPhase;
			buildActionMask = 2147483647;
			files = (
			);
			runOnlyForDeploymentPostprocessing = 0;
		};
		F3B3245027942DBA00EE5939 /* Frameworks */ = {
			isa = PBXFrameworksBuildPhase;
			buildActionMask = 2147483647;
			files = (
			);
			runOnlyForDeploymentPostprocessing = 0;
		};
		F3B3245B27942DBA00EE5939 /* Frameworks */ = {
			isa = PBXFrameworksBuildPhase;
			buildActionMask = 2147483647;
			files = (
			);
			runOnlyForDeploymentPostprocessing = 0;
		};
/* End PBXFrameworksBuildPhase section */

/* Begin PBXGroup section */
		F3B3243427942DB700EE5939 = {
			isa = PBXGroup;
			children = (
				F3B3243F27942DB700EE5939 /* MovieApp */,
				F3B3245627942DBA00EE5939 /* MovieAppTests */,
				F3B3246127942DBA00EE5939 /* MovieAppUITests */,
				F3B3243E27942DB700EE5939 /* Products */,
			);
			sourceTree = "<group>";
		};
		F3B3243E27942DB700EE5939 /* Products */ = {
			isa = PBXGroup;
			children = (
				F3B3243D27942DB700EE5939 /* MovieApp.app */,
				F3B3245327942DBA00EE5939 /* MovieAppTests.xctest */,
				F3B3245E27942DBA00EE5939 /* MovieAppUITests.xctest */,
			);
			name = Products;
			sourceTree = "<group>";
		};
		F3B3243F27942DB700EE5939 /* MovieApp */ = {
			isa = PBXGroup;
			children = (
				F3B3244027942DB700EE5939 /* AppDelegate.swift */,
				F3B3244227942DB700EE5939 /* SceneDelegate.swift */,
				F3B3244427942DB700EE5939 /* ViewController.swift */,
				F3B3248727970FA000EE5939 /* NetworkLayer.swift */,
				F3B3247D2796F49D00EE5939 /* DetailViewController.swift */,
				F3B324822796F4CC00EE5939 /* DetailViewController.storyboard */,
				F3B3244627942DB700EE5939 /* Main.storyboard */,
				F3B324782794442500EE5939 /* MovieModel.swift */,
				F3B3247327942F7000EE5939 /* MovieCell.swift */,
				F3B3244927942DBA00EE5939 /* Assets.xcassets */,
				F3B3244B27942DBA00EE5939 /* LaunchScreen.storyboard */,
				F3B3244E27942DBA00EE5939 /* Info.plist */,
			);
			path = MovieApp;
			sourceTree = "<group>";
		};
		F3B3245627942DBA00EE5939 /* MovieAppTests */ = {
			isa = PBXGroup;
			children = (
				F3B3245727942DBA00EE5939 /* MovieAppTests.swift */,
				F3B3245927942DBA00EE5939 /* Info.plist */,
			);
			path = MovieAppTests;
			sourceTree = "<group>";
		};
		F3B3246127942DBA00EE5939 /* MovieAppUITests */ = {
			isa = PBXGroup;
			children = (
				F3B3246227942DBA00EE5939 /* MovieAppUITests.swift */,
				F3B3246427942DBA00EE5939 /* Info.plist */,
			);
			path = MovieAppUITests;
			sourceTree = "<group>";
		};
/* End PBXGroup section */

/* Begin PBXNativeTarget section */
		F3B3243C27942DB700EE5939 /* MovieApp */ = {
			isa = PBXNativeTarget;
			buildConfigurationList = F3B3246727942DBA00EE5939 /* Build configuration list for PBXNativeTarget "MovieApp" */;
			buildPhases = (
				F3B3243927942DB700EE5939 /* Sources */,
				F3B3243A27942DB700EE5939 /* Frameworks */,
				F3B3243B27942DB700EE5939 /* Resources */,
			);
			buildRules = (
			);
			dependencies = (
			);
			name = MovieApp;
			productName = MovieApp;
			productReference = F3B3243D27942DB700EE5939 /* MovieApp.app */;
			productType = "com.apple.product-type.application";
		};
		F3B3245227942DBA00EE5939 /* MovieAppTests */ = {
			isa = PBXNativeTarget;
			buildConfigurationList = F3B3246A27942DBA00EE5939 /* Build configuration list for PBXNativeTarget "MovieAppTests" */;
			buildPhases = (
				F3B3244F27942DBA00EE5939 /* Sources */,
				F3B3245027942DBA00EE5939 /* Frameworks */,
				F3B3245127942DBA00EE5939 /* Resources */,
			);
			buildRules = (
			);
			dependencies = (
				F3B3245527942DBA00EE5939 /* PBXTargetDependency */,
			);
			name = MovieAppTests;
			productName = MovieAppTests;
			productReference = F3B3245327942DBA00EE5939 /* MovieAppTests.xctest */;
			productType = "com.apple.product-type.bundle.unit-test";
		};
		F3B3245D27942DBA00EE5939 /* MovieAppUITests */ = {
			isa = PBXNativeTarget;
			buildConfigurationList = F3B3246D27942DBA00EE5939 /* Build configuration list for PBXNativeTarget "MovieAppUITests" */;
			buildPhases = (
				F3B3245A27942DBA00EE5939 /* Sources */,
				F3B3245B27942DBA00EE5939 /* Frameworks */,
				F3B3245C27942DBA00EE5939 /* Resources */,
			);
			buildRules = (
			);
			dependencies = (
				F3B3246027942DBA00EE5939 /* PBXTargetDependency */,
			);
			name = MovieAppUITests;
			productName = MovieAppUITests;
			productReference = F3B3245E27942DBA00EE5939 /* MovieAppUITests.xctest */;
			productType = "com.apple.product-type.bundle.ui-testing";
		};
/* End PBXNativeTarget section */

/* Begin PBXProject section */
		F3B3243527942DB700EE5939 /* Project object */ = {
			isa = PBXProject;
			attributes = {
				LastSwiftUpdateCheck = 1200;
				LastUpgradeCheck = 1200;
				TargetAttributes = {
					F3B3243C27942DB700EE5939 = {
						CreatedOnToolsVersion = 12.0.1;
					};
					F3B3245227942DBA00EE5939 = {
						CreatedOnToolsVersion = 12.0.1;
						TestTargetID = F3B3243C27942DB700EE5939;
					};
					F3B3245D27942DBA00EE5939 = {
						CreatedOnToolsVersion = 12.0.1;
						TestTargetID = F3B3243C27942DB700EE5939;
					};
				};
			};
			buildConfigurationList = F3B3243827942DB700EE5939 /* Build configuration list for PBXProject "MovieApp" */;
			compatibilityVersion = "Xcode 9.3";
			developmentRegion = en;
			hasScannedForEncodings = 0;
			knownRegions = (
				en,
				Base,
			);
			mainGroup = F3B3243427942DB700EE5939;
			productRefGroup = F3B3243E27942DB700EE5939 /* Products */;
			projectDirPath = "";
			projectRoot = "";
			targets = (
				F3B3243C27942DB700EE5939 /* MovieApp */,
				F3B3245227942DBA00EE5939 /* MovieAppTests */,
				F3B3245D27942DBA00EE5939 /* MovieAppUITests */,
			);
		};
/* End PBXProject section */

/* Begin PBXResourcesBuildPhase section */
		F3B3243B27942DB700EE5939 /* Resources */ = {
			isa = PBXResourcesBuildPhase;
			buildActionMask = 2147483647;
			files = (
				F3B324832796F4CC00EE5939 /* DetailViewController.storyboard in Resources */,
				F3B3244D27942DBA00EE5939 /* LaunchScreen.storyboard in Resources */,
				F3B3244A27942DBA00EE5939 /* Assets.xcassets in Resources */,
				F3B3244827942DB700EE5939 /* Main.storyboard in Resources */,
			);
			runOnlyForDeploymentPostprocessing = 0;
		};
		F3B3245127942DBA00EE5939 /* Resources */ = {
			isa = PBXResourcesBuildPhase;
			buildActionMask = 2147483647;
			files = (
			);
			runOnlyForDeploymentPostprocessing = 0;
		};
		F3B3245C27942DBA00EE5939 /* Resources */ = {
			isa = PBXResourcesBuildPhase;
			buildActionMask = 2147483647;
			files = (
			);
			runOnlyForDeploymentPostprocessing = 0;
		};
/* End PBXResourcesBuildPhase section */

/* Begin PBXSourcesBuildPhase section */
		F3B3243927942DB700EE5939 /* Sources */ = {
			isa = PBXSourcesBuildPhase;
			buildActionMask = 2147483647;
			files = (
				F3B3248827970FA000EE5939 /* NetworkLayer.swift in Sources */,
				F3B3244527942DB700EE5939 /* ViewController.swift in Sources */,
				F3B3244127942DB700EE5939 /* AppDelegate.swift in Sources */,
				F3B324792794442600EE5939 /* MovieModel.swift in Sources */,
				F3B3247E2796F49D00EE5939 /* DetailViewController.swift in Sources */,
				F3B3247427942F7000EE5939 /* MovieCell.swift in Sources */,
				F3B3244327942DB700EE5939 /* SceneDelegate.swift in Sources */,
			);
			runOnlyForDeploymentPostprocessing = 0;
		};
		F3B3244F27942DBA00EE5939 /* Sources */ = {
			isa = PBXSourcesBuildPhase;
			buildActionMask = 2147483647;
			files = (
				F3B3245827942DBA00EE5939 /* MovieAppTests.swift in Sources */,
			);
			runOnlyForDeploymentPostprocessing = 0;
		};
		F3B3245A27942DBA00EE5939 /* Sources */ = {
			isa = PBXSourcesBuildPhase;
			buildActionMask = 2147483647;
			files = (
				F3B3246327942DBA00EE5939 /* MovieAppUITests.swift in Sources */,
			);
			runOnlyForDeploymentPostprocessing = 0;
		};
/* End PBXSourcesBuildPhase section */

/* Begin PBXTargetDependency section */
		F3B3245527942DBA00EE5939 /* PBXTargetDependency */ = {
			isa = PBXTargetDependency;
			target = F3B3243C27942DB700EE5939 /* MovieApp */;
			targetProxy = F3B3245427942DBA00EE5939 /* PBXContainerItemProxy */;
		};
		F3B3246027942DBA00EE5939 /* PBXTargetDependency */ = {
			isa = PBXTargetDependency;
			target = F3B3243C27942DB700EE5939 /* MovieApp */;
			targetProxy = F3B3245F27942DBA00EE5939 /* PBXContainerItemProxy */;
		};
/* End PBXTargetDependency section */

/* Begin PBXVariantGroup section */
		F3B3244627942DB700EE5939 /* Main.storyboard */ = {
			isa = PBXVariantGroup;
			children = (
				F3B3244727942DB700EE5939 /* Base */,
			);
			name = Main.storyboard;
			sourceTree = "<group>";
		};
		F3B3244B27942DBA00EE5939 /* LaunchScreen.storyboard */ = {
			isa = PBXVariantGroup;
			children = (
				F3B3244C27942DBA00EE5939 /* Base */,
			);
			name = LaunchScreen.storyboard;
			sourceTree = "<group>";
		};
/* End PBXVariantGroup section */

/* Begin XCBuildConfiguration section */
		F3B3246527942DBA00EE5939 /* Debug */ = {
			isa = XCBuildConfiguration;
			buildSettings = {
				ALWAYS_SEARCH_USER_PATHS = NO;
				CLANG_ANALYZER_NONNULL = YES;
				CLANG_ANALYZER_NUMBER_OBJECT_CONVERSION = YES_AGGRESSIVE;
				CLANG_CXX_LANGUAGE_STANDARD = "gnu++14";
				CLANG_CXX_LIBRARY = "libc++";
				CLANG_ENABLE_MODULES = YES;
				CLANG_ENABLE_OBJC_ARC = YES;
				CLANG_ENABLE_OBJC_WEAK = YES;
				CLANG_WARN_BLOCK_CAPTURE_AUTORELEASING = YES;
				CLANG_WARN_BOOL_CONVERSION = YES;
				CLANG_WARN_COMMA = YES;
				CLANG_WARN_CONSTANT_CONVERSION = YES;
				CLANG_WARN_DEPRECATED_OBJC_IMPLEMENTATIONS = YES;
				CLANG_WARN_DIRECT_OBJC_ISA_USAGE = YES_ERROR;
				CLANG_WARN_DOCUMENTATION_COMMENTS = YES;
				CLANG_WARN_EMPTY_BODY = YES;
				CLANG_WARN_ENUM_CONVERSION = YES;
				CLANG_WARN_INFINITE_RECURSION = YES;
				CLANG_WARN_INT_CONVERSION = YES;
				CLANG_WARN_NON_LITERAL_NULL_CONVERSION = YES;
				CLANG_WARN_OBJC_IMPLICIT_RETAIN_SELF = YES;
				CLANG_WARN_OBJC_LITERAL_CONVERSION = YES;
				CLANG_WARN_OBJC_ROOT_CLASS = YES_ERROR;
				CLANG_WARN_QUOTED_INCLUDE_IN_FRAMEWORK_HEADER = YES;
				CLANG_WARN_RANGE_LOOP_ANALYSIS = YES;
				CLANG_WARN_STRICT_PROTOTYPES = YES;
				CLANG_WARN_SUSPICIOUS_MOVE = YES;
				CLANG_WARN_UNGUARDED_AVAILABILITY = YES_AGGRESSIVE;
				CLANG_WARN_UNREACHABLE_CODE = YES;
				CLANG_WARN__DUPLICATE_METHOD_MATCH = YES;
				COPY_PHASE_STRIP = NO;
				DEBUG_INFORMATION_FORMAT = dwarf;
				ENABLE_STRICT_OBJC_MSGSEND = YES;
				ENABLE_TESTABILITY = YES;
				GCC_C_LANGUAGE_STANDARD = gnu11;
				GCC_DYNAMIC_NO_PIC = NO;
				GCC_NO_COMMON_BLOCKS = YES;
				GCC_OPTIMIZATION_LEVEL = 0;
				GCC_PREPROCESSOR_DEFINITIONS = (
					"DEBUG=1",
					"$(inherited)",
				);
				GCC_WARN_64_TO_32_BIT_CONVERSION = YES;
				GCC_WARN_ABOUT_RETURN_TYPE = YES_ERROR;
				GCC_WARN_UNDECLARED_SELECTOR = YES;
				GCC_WARN_UNINITIALIZED_AUTOS = YES_AGGRESSIVE;
				GCC_WARN_UNUSED_FUNCTION = YES;
				GCC_WARN_UNUSED_VARIABLE = YES;
				IPHONEOS_DEPLOYMENT_TARGET = 14.0;
				MTL_ENABLE_DEBUG_INFO = INCLUDE_SOURCE;
				MTL_FAST_MATH = YES;
				ONLY_ACTIVE_ARCH = YES;
				SDKROOT = iphoneos;
				SWIFT_ACTIVE_COMPILATION_CONDITIONS = DEBUG;
				SWIFT_OPTIMIZATION_LEVEL = "-Onone";
			};
			name = Debug;
		};
		F3B3246627942DBA00EE5939 /* Release */ = {
			isa = XCBuildConfiguration;
			buildSettings = {
				ALWAYS_SEARCH_USER_PATHS = NO;
				CLANG_ANALYZER_NONNULL = YES;
				CLANG_ANALYZER_NUMBER_OBJECT_CONVERSION = YES_AGGRESSIVE;
				CLANG_CXX_LANGUAGE_STANDARD = "gnu++14";
				CLANG_CXX_LIBRARY = "libc++";
				CLANG_ENABLE_MODULES = YES;
				CLANG_ENABLE_OBJC_ARC = YES;
				CLANG_ENABLE_OBJC_WEAK = YES;
				CLANG_WARN_BLOCK_CAPTURE_AUTORELEASING = YES;
				CLANG_WARN_BOOL_CONVERSION = YES;
				CLANG_WARN_COMMA = YES;
				CLANG_WARN_CONSTANT_CONVERSION = YES;
				CLANG_WARN_DEPRECATED_OBJC_IMPLEMENTATIONS = YES;
				CLANG_WARN_DIRECT_OBJC_ISA_USAGE = YES_ERROR;
				CLANG_WARN_DOCUMENTATION_COMMENTS = YES;
				CLANG_WARN_EMPTY_BODY = YES;
				CLANG_WARN_ENUM_CONVERSION = YES;
				CLANG_WARN_INFINITE_RECURSION = YES;
				CLANG_WARN_INT_CONVERSION = YES;
				CLANG_WARN_NON_LITERAL_NULL_CONVERSION = YES;
				CLANG_WARN_OBJC_IMPLICIT_RETAIN_SELF = YES;
				CLANG_WARN_OBJC_LITERAL_CONVERSION = YES;
				CLANG_WARN_OBJC_ROOT_CLASS = YES_ERROR;
				CLANG_WARN_QUOTED_INCLUDE_IN_FRAMEWORK_HEADER = YES;
				CLANG_WARN_RANGE_LOOP_ANALYSIS = YES;
				CLANG_WARN_STRICT_PROTOTYPES = YES;
				CLANG_WARN_SUSPICIOUS_MOVE = YES;
				CLANG_WARN_UNGUARDED_AVAILABILITY = YES_AGGRESSIVE;
				CLANG_WARN_UNREACHABLE_CODE = YES;
				CLANG_WARN__DUPLICATE_METHOD_MATCH = YES;
				COPY_PHASE_STRIP = NO;
				DEBUG_INFORMATION_FORMAT = "dwarf-with-dsym";
				ENABLE_NS_ASSERTIONS = NO;
				ENABLE_STRICT_OBJC_MSGSEND = YES;
				GCC_C_LANGUAGE_STANDARD = gnu11;
				GCC_NO_COMMON_BLOCKS = YES;
				GCC_WARN_64_TO_32_BIT_CONVERSION = YES;
				GCC_WARN_ABOUT_RETURN_TYPE = YES_ERROR;
				GCC_WARN_UNDECLARED_SELECTOR = YES;
				GCC_WARN_UNINITIALIZED_AUTOS = YES_AGGRESSIVE;
				GCC_WARN_UNUSED_FUNCTION = YES;
				GCC_WARN_UNUSED_VARIABLE = YES;
				IPHONEOS_DEPLOYMENT_TARGET = 14.0;
				MTL_ENABLE_DEBUG_INFO = NO;
				MTL_FAST_MATH = YES;
				SDKROOT = iphoneos;
				SWIFT_COMPILATION_MODE = wholemodule;
				SWIFT_OPTIMIZATION_LEVEL = "-O";
				VALIDATE_PRODUCT = YES;
			};
			name = Release;
		};
		F3B3246827942DBA00EE5939 /* Debug */ = {
			isa = XCBuildConfiguration;
			buildSettings = {
				ASSETCATALOG_COMPILER_APPICON_NAME = AppIcon;
				ASSETCATALOG_COMPILER_GLOBAL_ACCENT_COLOR_NAME = AccentColor;
				CODE_SIGN_STYLE = Automatic;
				DEVELOPMENT_TEAM = JWN5K8TJ87;
				INFOPLIST_FILE = MovieApp/Info.plist;
				LD_RUNPATH_SEARCH_PATHS = (
					"$(inherited)",
					"@executable_path/Frameworks",
				);
				PRODUCT_BUNDLE_IDENTIFIER = duyeong.MovieApp;
				PRODUCT_NAME = "$(TARGET_NAME)";
				SWIFT_VERSION = 5.0;
				TARGETED_DEVICE_FAMILY = "1,2";
			};
			name = Debug;
		};
		F3B3246927942DBA00EE5939 /* Release */ = {
			isa = XCBuildConfiguration;
			buildSettings = {
				ASSETCATALOG_COMPILER_APPICON_NAME = AppIcon;
				ASSETCATALOG_COMPILER_GLOBAL_ACCENT_COLOR_NAME = AccentColor;
				CODE_SIGN_STYLE = Automatic;
				DEVELOPMENT_TEAM = JWN5K8TJ87;
				INFOPLIST_FILE = MovieApp/Info.plist;
				LD_RUNPATH_SEARCH_PATHS = (
					"$(inherited)",
					"@executable_path/Frameworks",
				);
				PRODUCT_BUNDLE_IDENTIFIER = duyeong.MovieApp;
				PRODUCT_NAME = "$(TARGET_NAME)";
				SWIFT_VERSION = 5.0;
				TARGETED_DEVICE_FAMILY = "1,2";
			};
			name = Release;
		};
		F3B3246B27942DBA00EE5939 /* Debug */ = {
			isa = XCBuildConfiguration;
			buildSettings = {
				ALWAYS_EMBED_SWIFT_STANDARD_LIBRARIES = YES;
				BUNDLE_LOADER = "$(TEST_HOST)";
				CODE_SIGN_STYLE = Automatic;
				DEVELOPMENT_TEAM = JWN5K8TJ87;
				INFOPLIST_FILE = MovieAppTests/Info.plist;
				IPHONEOS_DEPLOYMENT_TARGET = 14.0;
				LD_RUNPATH_SEARCH_PATHS = (
					"$(inherited)",
					"@executable_path/Frameworks",
					"@loader_path/Frameworks",
				);
				PRODUCT_BUNDLE_IDENTIFIER = duyeong.MovieAppTests;
				PRODUCT_NAME = "$(TARGET_NAME)";
				SWIFT_VERSION = 5.0;
				TARGETED_DEVICE_FAMILY = "1,2";
				TEST_HOST = "$(BUILT_PRODUCTS_DIR)/MovieApp.app/MovieApp";
			};
			name = Debug;
		};
		F3B3246C27942DBA00EE5939 /* Release */ = {
			isa = XCBuildConfiguration;
			buildSettings = {
				ALWAYS_EMBED_SWIFT_STANDARD_LIBRARIES = YES;
				BUNDLE_LOADER = "$(TEST_HOST)";
				CODE_SIGN_STYLE = Automatic;
				DEVELOPMENT_TEAM = JWN5K8TJ87;
				INFOPLIST_FILE = MovieAppTests/Info.plist;
				IPHONEOS_DEPLOYMENT_TARGET = 14.0;
				LD_RUNPATH_SEARCH_PATHS = (
					"$(inherited)",
					"@executable_path/Frameworks",
					"@loader_path/Frameworks",
				);
				PRODUCT_BUNDLE_IDENTIFIER = duyeong.MovieAppTests;
				PRODUCT_NAME = "$(TARGET_NAME)";
				SWIFT_VERSION = 5.0;
				TARGETED_DEVICE_FAMILY = "1,2";
				TEST_HOST = "$(BUILT_PRODUCTS_DIR)/MovieApp.app/MovieApp";
			};
			name = Release;
		};
		F3B3246E27942DBA00EE5939 /* Debug */ = {
			isa = XCBuildConfiguration;
			buildSettings = {
				ALWAYS_EMBED_SWIFT_STANDARD_LIBRARIES = YES;
				CODE_SIGN_STYLE = Automatic;
				DEVELOPMENT_TEAM = JWN5K8TJ87;
				INFOPLIST_FILE = MovieAppUITests/Info.plist;
				LD_RUNPATH_SEARCH_PATHS = (
					"$(inherited)",
					"@executable_path/Frameworks",
					"@loader_path/Frameworks",
				);
				PRODUCT_BUNDLE_IDENTIFIER = duyeong.MovieAppUITests;
				PRODUCT_NAME = "$(TARGET_NAME)";
				SWIFT_VERSION = 5.0;
				TARGETED_DEVICE_FAMILY = "1,2";
				TEST_TARGET_NAME = MovieApp;
			};
			name = Debug;
		};
		F3B3246F27942DBA00EE5939 /* Release */ = {
			isa = XCBuildConfiguration;
			buildSettings = {
				ALWAYS_EMBED_SWIFT_STANDARD_LIBRARIES = YES;
				CODE_SIGN_STYLE = Automatic;
				DEVELOPMENT_TEAM = JWN5K8TJ87;
				INFOPLIST_FILE = MovieAppUITests/Info.plist;
				LD_RUNPATH_SEARCH_PATHS = (
					"$(inherited)",
					"@executable_path/Frameworks",
					"@loader_path/Frameworks",
				);
				PRODUCT_BUNDLE_IDENTIFIER = duyeong.MovieAppUITests;
				PRODUCT_NAME = "$(TARGET_NAME)";
				SWIFT_VERSION = 5.0;
				TARGETED_DEVICE_FAMILY = "1,2";
				TEST_TARGET_NAME = MovieApp;
			};
			name = Release;
		};
/* End XCBuildConfiguration section */

/* Begin XCConfigurationList section */
		F3B3243827942DB700EE5939 /* Build configuration list for PBXProject "MovieApp" */ = {
			isa = XCConfigurationList;
			buildConfigurations = (
				F3B3246527942DBA00EE5939 /* Debug */,
				F3B3246627942DBA00EE5939 /* Release */,
			);
			defaultConfigurationIsVisible = 0;
			defaultConfigurationName = Release;
		};
		F3B3246727942DBA00EE5939 /* Build configuration list for PBXNativeTarget "MovieApp" */ = {
			isa = XCConfigurationList;
			buildConfigurations = (
				F3B3246827942DBA00EE5939 /* Debug */,
				F3B3246927942DBA00EE5939 /* Release */,
			);
			defaultConfigurationIsVisible = 0;
			defaultConfigurationName = Release;
		};
		F3B3246A27942DBA00EE5939 /* Build configuration list for PBXNativeTarget "MovieAppTests" */ = {
			isa = XCConfigurationList;
			buildConfigurations = (
				F3B3246B27942DBA00EE5939 /* Debug */,
				F3B3246C27942DBA00EE5939 /* Release */,
			);
			defaultConfigurationIsVisible = 0;
			defaultConfigurationName = Release;
		};
		F3B3246D27942DBA00EE5939 /* Build configuration list for PBXNativeTarget "MovieAppUITests" */ = {
			isa = XCConfigurationList;
			buildConfigurations = (
				F3B3246E27942DBA00EE5939 /* Debug */,
				F3B3246F27942DBA00EE5939 /* Release */,
			);
			defaultConfigurationIsVisible = 0;
			defaultConfigurationName = Release;
		};
/* End XCConfigurationList section */
	};
	rootObject = F3B3243527942DB700EE5939 /* Project object */;
}
